
Microsoft Visual Studio Solution File, Format Version 12.00
# Visual Studio 15
VisualStudioVersion = 15.0.27703.2047
MinimumVisualStudioVersion = 10.0.40219.1
Project("{FAE04EC0-301F-11D3-BF4B-00C04F79EFBC}") = "SyncMusicToDevice", "SyncMusicToDevice\SyncMusicToDevice.csproj", "{D5902AB5-A747-4052-B3E2-CB71F0FCE506}"
EndProject
Global
	GlobalSection(SolutionConfigurationPlatforms) = preSolution
		Debug|Any CPU = Debug|Any CPU
		Release|Any CPU = Release|Any CPU
	EndGlobalSection
	GlobalSection(ProjectConfigurationPlatforms) = postSolution
		{D5902AB5-A747-4052-B3E2-CB71F0FCE506}.Debug|Any CPU.ActiveCfg = Debug|Any CPU
		{D5902AB5-A747-4052-B3E2-CB71F0FCE506}.Debug|Any CPU.Build.0 = Debug|Any CPU
		{D5902AB5-A747-4052-B3E2-CB71F0FCE506}.Release|Any CPU.ActiveCfg = Release|Any CPU
		{D5902AB5-A747-4052-B3E2-CB71F0FCE506}.Release|Any CPU.Build.0 = Release|Any CPU
	EndGlobalSection
	GlobalSection(SolutionProperties) = preSolution
		HideSolutionNode = FALSE
	EndGlobalSection
	GlobalSection(ExtensibilityGlobals) = postSolution
		SolutionGuid = {139BA887-A4CB-4F26-8322-2C32F91A4E2E}
	EndGlobalSection
EndGlobal
